# This file is automatically @generated by Cargo.
# It is not intended for manual editing.
[[package]]
name = "arrayref"
version = "0.3.6"
source = "registry+https://github.com/rust-lang/crates.io-index"
checksum = "a4c527152e37cf757a3f78aae5a06fbeefdb07ccc535c980a3208ee3060dd544"

[[package]]
name = "arrayvec"
version = "0.5.1"
source = "registry+https://github.com/rust-lang/crates.io-index"
checksum = "cff77d8686867eceff3105329d4698d96c2391c176d5d03adc90c7389162b5b8"

[[package]]
name = "autocfg"
version = "1.0.1"
source = "registry+https://github.com/rust-lang/crates.io-index"
checksum = "cdb031dd78e28731d87d56cc8ffef4a8f36ca26c38fe2de700543e627f8a464a"

[[package]]
name = "base64"
version = "0.12.3"
source = "registry+https://github.com/rust-lang/crates.io-index"
checksum = "3441f0f7b02788e948e47f457ca01f1d7e6d92c693bc132c22b087d3141c03ff"

[[package]]
name = "blake2b_simd"
version = "0.5.10"
source = "registry+https://github.com/rust-lang/crates.io-index"
checksum = "d8fb2d74254a3a0b5cac33ac9f8ed0e44aa50378d9dbb2e5d83bd21ed1dc2c8a"
dependencies = [
 "arrayref",
 "arrayvec",
 "constant_time_eq",
]

[[package]]
name = "cfg-if"
version = "0.1.10"
source = "registry+https://github.com/rust-lang/crates.io-index"
checksum = "4785bdd1c96b2a846b2bd7cc02e86b6b3dbf14e7e53446c4f54c92a361040822"

[[package]]
name = "constant_time_eq"
version = "0.1.5"
source = "registry+https://github.com/rust-lang/crates.io-index"
checksum = "245097e9a4535ee1e3e3931fcfcd55a796a44c643e8596ff6566d68f09b87bbc"

[[package]]
name = "crossbeam-utils"
version = "0.7.2"
source = "registry+https://github.com/rust-lang/crates.io-index"
checksum = "c3c7c73a2d1e9fc0886a08b93e98eb643461230d5f1925e4036204d5f2e261a8"
dependencies = [
 "autocfg",
 "cfg-if",
 "lazy_static",
]

[[package]]
name = "dirs"
version = "2.0.2"
source = "registry+https://github.com/rust-lang/crates.io-index"
checksum = "13aea89a5c93364a98e9b37b2fa237effbb694d5cfe01c5b70941f7eb087d5e3"
dependencies = [
 "cfg-if",
 "dirs-sys",
]

[[package]]
name = "dirs"
version = "3.0.1"
source = "registry+https://github.com/rust-lang/crates.io-index"
checksum = "142995ed02755914747cc6ca76fc7e4583cd18578746716d0508ea6ed558b9ff"
dependencies = [
 "dirs-sys",
]

[[package]]
name = "dirs-sys"
version = "0.3.5"
source = "registry+https://github.com/rust-lang/crates.io-index"
checksum = "8e93d7f5705de3e49895a2b5e0b8855a1c27f080192ae9c32a6432d50741a57a"
dependencies = [
 "libc",
 "redox_users",
 "winapi",
]

[[package]]
name = "dotsync"
version = "0.1.0"
dependencies = [
 "dirs 3.0.1",
 "serde_yaml",
 "shellexpand",
 "symlink",
 "thiserror",
]

[[package]]
name = "dtoa"
version = "0.4.6"
source = "registry+https://github.com/rust-lang/crates.io-index"
checksum = "134951f4028bdadb9b84baf4232681efbf277da25144b9b0ad65df75946c422b"

[[package]]
name = "getrandom"
version = "0.1.15"
source = "registry+https://github.com/rust-lang/crates.io-index"
checksum = "fc587bc0ec293155d5bfa6b9891ec18a1e330c234f896ea47fbada4cadbe47e6"
dependencies = [
 "cfg-if",
 "libc",
 "wasi",
]

[[package]]
name = "lazy_static"
version = "1.4.0"
source = "registry+https://github.com/rust-lang/crates.io-index"
checksum = "e2abad23fbc42b3700f2f279844dc832adb2b2eb069b2df918f455c4e18cc646"

[[package]]
name = "libc"
version = "0.2.79"
source = "registry+https://github.com/rust-lang/crates.io-index"
checksum = "2448f6066e80e3bfc792e9c98bf705b4b0fc6e8ef5b43e5889aff0eaa9c58743"

[[package]]
name = "linked-hash-map"
version = "0.5.3"
source = "registry+https://github.com/rust-lang/crates.io-index"
checksum = "8dd5a6d5999d9907cda8ed67bbd137d3af8085216c2ac62de5be860bd41f304a"

[[package]]
name = "proc-macro2"
version = "1.0.24"
source = "registry+https://github.com/rust-lang/crates.io-index"
checksum = "1e0704ee1a7e00d7bb417d0770ea303c1bccbabf0ef1667dae92b5967f5f8a71"
dependencies = [
 "unicode-xid",
]

[[package]]
name = "quote"
version = "1.0.7"
source = "registry+https://github.com/rust-lang/crates.io-index"
checksum = "aa563d17ecb180e500da1cfd2b028310ac758de548efdd203e18f283af693f37"
dependencies = [
 "proc-macro2",
]

[[package]]
name = "redox_syscall"
version = "0.1.57"
source = "registry+https://github.com/rust-lang/crates.io-index"
checksum = "41cc0f7e4d5d4544e8861606a285bb08d3e70712ccc7d2b84d7c0ccfaf4b05ce"

[[package]]
name = "redox_users"
version = "0.3.5"
source = "registry+https://github.com/rust-lang/crates.io-index"
checksum = "de0737333e7a9502c789a36d7c7fa6092a49895d4faa31ca5df163857ded2e9d"
dependencies = [
 "getrandom",
 "redox_syscall",
 "rust-argon2",
]

[[package]]
name = "rust-argon2"
version = "0.8.2"
source = "registry+https://github.com/rust-lang/crates.io-index"
checksum = "9dab61250775933275e84053ac235621dfb739556d5c54a2f2e9313b7cf43a19"
dependencies = [
 "base64",
 "blake2b_simd",
 "constant_time_eq",
 "crossbeam-utils",
]

[[package]]
name = "serde"
version = "1.0.116"
source = "registry+https://github.com/rust-lang/crates.io-index"
checksum = "96fe57af81d28386a513cbc6858332abc6117cfdb5999647c6444b8f43a370a5"

[[package]]
name = "serde_yaml"
version = "0.8.13"
source = "registry+https://github.com/rust-lang/crates.io-index"
checksum = "ae3e2dd40a7cdc18ca80db804b7f461a39bb721160a85c9a1fa30134bf3c02a5"
dependencies = [
 "dtoa",
 "linked-hash-map",
 "serde",
 "yaml-rust",
]

[[package]]
name = "shellexpand"
version = "2.0.0"
source = "registry+https://github.com/rust-lang/crates.io-index"
checksum = "9a2b22262a9aaf9464d356f656fea420634f78c881c5eebd5ef5e66d8b9bc603"
dependencies = [
 "dirs 2.0.2",
]

[[package]]
name = "symlink"
version = "0.1.0"
source = "registry+https://github.com/rust-lang/crates.io-index"
checksum = "a7973cce6668464ea31f176d85b13c7ab3bba2cb3b77a2ed26abd7801688010a"

[[package]]
name = "syn"
version = "1.0.42"
source = "registry+https://github.com/rust-lang/crates.io-index"
checksum = "9c51d92969d209b54a98397e1b91c8ae82d8c87a7bb87df0b29aa2ad81454228"
dependencies = [
 "proc-macro2",
 "quote",
 "unicode-xid",
]

[[package]]
name = "thiserror"
version = "1.0.21"
source = "registry+https://github.com/rust-lang/crates.io-index"
checksum = "318234ffa22e0920fe9a40d7b8369b5f649d490980cf7aadcf1eb91594869b42"
dependencies = [
 "thiserror-impl",
]

[[package]]
name = "thiserror-impl"
version = "1.0.21"
source = "registry+https://github.com/rust-lang/crates.io-index"
checksum = "cae2447b6282786c3493999f40a9be2a6ad20cb8bd268b0a0dbf5a065535c0ab"
dependencies = [
 "proc-macro2",
 "quote",
 "syn",
]

[[package]]
name = "unicode-xid"
version = "0.2.1"
source = "registry+https://github.com/rust-lang/crates.io-index"
checksum = "f7fe0bb3479651439c9112f72b6c505038574c9fbb575ed1bf3b797fa39dd564"

[[package]]
name = "wasi"
version = "0.9.0+wasi-snapshot-preview1"
source = "registry+https://github.com/rust-lang/crates.io-index"
checksum = "cccddf32554fecc6acb585f82a32a72e28b48f8c4c1883ddfeeeaa96f7d8e519"

[[package]]
name = "winapi"
version = "0.3.9"
source = "registry+https://github.com/rust-lang/crates.io-index"
checksum = "5c839a674fcd7a98952e593242ea400abe93992746761e38641405d28b00f419"
dependencies = [
 "winapi-i686-pc-windows-gnu",
 "winapi-x86_64-pc-windows-gnu",
]

[[package]]
name = "winapi-i686-pc-windows-gnu"
version = "0.4.0"
source = "registry+https://github.com/rust-lang/crates.io-index"
checksum = "ac3b87c63620426dd9b991e5ce0329eff545bccbbb34f3be09ff6fb6ab51b7b6"

[[package]]
name = "winapi-x86_64-pc-windows-gnu"
version = "0.4.0"
source = "registry+https://github.com/rust-lang/crates.io-index"
checksum = "712e227841d057c1ee1cd2fb22fa7e5a5461ae8e48fa2ca79ec42cfc1931183f"

[[package]]
name = "yaml-rust"
version = "0.4.4"
source = "registry+https://github.com/rust-lang/crates.io-index"
checksum = "39f0c922f1a334134dc2f7a8b67dc5d25f0735263feec974345ff706bcf20b0d"
dependencies = [
 "linked-hash-map",
]
